github.com/darwinOrg/go-common v0.0.14 h1:/m0w+ay9A+CzXF48aLURTFIE9P7db0L8mxn7moLhl9k=
github.com/darwinOrg/go-common v0.0.14/go.mod h1:pItL/4ZV0bU64N2qD9ACpvDlYjeomAbheIzPXKqbb88=
github.com/darwinOrg/go-common v0.0.21 h1:kmwUtCsAOYylBM8oYWG9gyw9hHUbcSVzt6YWgS2X4Q0=
github.com/darwinOrg/go-common v0.0.21/go.mod h1:pItL/4ZV0bU64N2qD9ACpvDlYjeomAbheIzPXKqbb88=
github.com/darwinOrg/go-logger v0.0.1 h1:qp/cGIF2aMD3HbvqvZH2cKJjkhAGPwaUkF/Qud9pGOU=
github.com/darwinOrg/go-logger v0.0.1/go.mod h1:n/8pRxm9ADukt7A4h61G1elKl8EUd7kQ9I2Sz/MF1r0=
github.com/darwinOrg/go-openai v0.0.4 h1:CZkzarlwfjEygNi/K4LM3KCn0Goc20prFSbeP6odkWE=
github.com/darwinOrg/go-openai v0.0.4/go.mod h1:BuWXCvf9G5qgHh7U7q5AllgsZ8BRYYlB6Y2bxqxxvr0=
github.com/davecgh/go-spew v1.1.0/go.mod h1:J7Y8YcW2NihsgmVo/mv3lAwl/skON4iLHjSsI+c5H38=
github.com/davecgh/go-spew v1.1.1/go.mod h1:J7Y8YcW2NihsgmVo/mv3lAwl/skON4iLHjSsI+c5H38=
github.com/pmezard/go-difflib v1.0.0/go.mod h1:iKH77koFhYxTK1pcRnkKkqfTogsbg7gZNVY4sRDYZ/4=
github.com/sirupsen/logrus v1.9.3 h1:dueUQJ1C2q9oE3F7wvmSGAaVtTmUizReu6fjN8uqzbQ=
github.com/sirupsen/logrus v1.9.3/go.mod h1:naHLuLoDiP4jHNo9R0sCBMtWGeIprob74mVsIT4qYEQ=
github.com/stretchr/objx v0.1.0/go.mod h1:HFkY916IF+rwdDfMAkV7OtwuqBVzrE8GR6GFx+wExME=
github.com/stretchr/testify v1.7.0/go.mod h1:6Fq8oRcR53rry900zMqJjRRixrwX3KX962/h/Wwjteg=
golang.org/x/sys v0.0.0-20220715151400-c0bba94af5f8/go.mod h1:oPkhp1MJrh7nUepCBck5+mAzfO9JrbApNNgaTdGDITg=
golang.org/x/sys v0.13.0 h1:Af8nKPmuFypiUBjVoU9V20FiaFXOcuZI21p0ycVYYGE=
golang.org/x/sys v0.13.0/go.mod h1:oPkhp1MJrh7nUepCBck5+mAzfO9JrbApNNgaTdGDITg=
gopkg.in/check.v1 v0.0.0-20161208181325-20d25e280405/go.mod h1:Co6ibVJAznAaIkqp8huTwlJQCZ016jof/cbN4VW5Yz0=
gopkg.in/yaml.v3 v3.0.0-20200313102051-9f266ea9e77c/go.mod h1:K4uyk7z7BCEPqu6E+C64Yfv1cQ7kz7rIZviUmN+EgEM=
